
Microsoft Visual Studio Solution File, Format Version 12.00
# Visual Studio Version 16
VisualStudioVersion = 16.0.29709.97
MinimumVisualStudioVersion = 15.0.26124.0
Project("{9A19103F-16F7-4668-BE54-9A1E7A4F7556}") = "SpyStore.Dal", "SpyStore.Dal\SpyStore.Dal.csproj", "{B5876A44-07AA-41B6-93E5-2501442CAC74}"
EndProject
Project("{9A19103F-16F7-4668-BE54-9A1E7A4F7556}") = "SpyStore.Models", "SpyStore.Models\SpyStore.Models.csproj", "{D6AD6A1F-3E23-4755-878F-ED96BD64E7A1}"
EndProject
Project("{9A19103F-16F7-4668-BE54-9A1E7A4F7556}") = "SpyStore.Dal.Tests", "SpyStore.Dal.Tests\SpyStore.Dal.Tests.csproj", "{66DA2F16-FA6A-4542-AB95-0C38E85068AB}"
EndProject
Project("{9A19103F-16F7-4668-BE54-9A1E7A4F7556}") = "SpyStore.Service.Tests", "SpyStore.Service.Tests\SpyStore.Service.Tests.csproj", "{535D912B-EC24-4ECA-85C2-7E52293D8D72}"
EndProject
Project("{9A19103F-16F7-4668-BE54-9A1E7A4F7556}") = "SpyStore.Service", "SpyStore.Service\SpyStore.Service.csproj", "{179E39EB-11C1-457E-A455-204E71643D2D}"
EndProject
Project("{9A19103F-16F7-4668-BE54-9A1E7A4F7556}") = "SpyStore.Mvc", "SpyStore.Mvc\SpyStore.Mvc.csproj", "{FAFCF670-F8A8-4B7F-86C6-7B5608A1D512}"
EndProject
Project("{E53339B2-1760-4266-BCC7-CA923CBCF16C}") = "docker-compose", "docker-compose.dcproj", "{7B99064A-3B8B-46F1-8442-7AB4A9AF199B}"
EndProject
Global
	GlobalSection(SolutionConfigurationPlatforms) = preSolution
		Debug|Any CPU = Debug|Any CPU
		Debug|x64 = Debug|x64
		Debug|x86 = Debug|x86
		Release|Any CPU = Release|Any CPU
		Release|x64 = Release|x64
		Release|x86 = Release|x86
	EndGlobalSection
	GlobalSection(ProjectConfigurationPlatforms) = postSolution
		{B5876A44-07AA-41B6-93E5-2501442CAC74}.Debug|Any CPU.ActiveCfg = Debug|Any CPU
		{B5876A44-07AA-41B6-93E5-2501442CAC74}.Debug|Any CPU.Build.0 = Debug|Any CPU
		{B5876A44-07AA-41B6-93E5-2501442CAC74}.Debug|x64.ActiveCfg = Debug|Any CPU
		{B5876A44-07AA-41B6-93E5-2501442CAC74}.Debug|x64.Build.0 = Debug|Any CPU
		{B5876A44-07AA-41B6-93E5-2501442CAC74}.Debug|x86.ActiveCfg = Debug|Any CPU
		{B5876A44-07AA-41B6-93E5-2501442CAC74}.Debug|x86.Build.0 = Debug|Any CPU
		{B5876A44-07AA-41B6-93E5-2501442CAC74}.Release|Any CPU.ActiveCfg = Release|Any CPU
		{B5876A44-07AA-41B6-93E5-2501442CAC74}.Release|Any CPU.Build.0 = Release|Any CPU
		{B5876A44-07AA-41B6-93E5-2501442CAC74}.Release|x64.ActiveCfg = Release|Any CPU
		{B5876A44-07AA-41B6-93E5-2501442CAC74}.Release|x64.Build.0 = Release|Any CPU
		{B5876A44-07AA-41B6-93E5-2501442CAC74}.Release|x86.ActiveCfg = Release|Any CPU
		{B5876A44-07AA-41B6-93E5-2501442CAC74}.Release|x86.Build.0 = Release|Any CPU
		{D6AD6A1F-3E23-4755-878F-ED96BD64E7A1}.Debug|Any CPU.ActiveCfg = Debug|Any CPU
		{D6AD6A1F-3E23-4755-878F-ED96BD64E7A1}.Debug|Any CPU.Build.0 = Debug|Any CPU
		{D6AD6A1F-3E23-4755-878F-ED96BD64E7A1}.Debug|x64.ActiveCfg = Debug|Any CPU
		{D6AD6A1F-3E23-4755-878F-ED96BD64E7A1}.Debug|x64.Build.0 = Debug|Any CPU
		{D6AD6A1F-3E23-4755-878F-ED96BD64E7A1}.Debug|x86.ActiveCfg = Debug|Any CPU
		{D6AD6A1F-3E23-4755-878F-ED96BD64E7A1}.Debug|x86.Build.0 = Debug|Any CPU
		{D6AD6A1F-3E23-4755-878F-ED96BD64E7A1}.Release|Any CPU.ActiveCfg = Release|Any CPU
		{D6AD6A1F-3E23-4755-878F-ED96BD64E7A1}.Release|Any CPU.Build.0 = Release|Any CPU
		{D6AD6A1F-3E23-4755-878F-ED96BD64E7A1}.Release|x64.ActiveCfg = Release|Any CPU
		{D6AD6A1F-3E23-4755-878F-ED96BD64E7A1}.Release|x64.Build.0 = Release|Any CPU
		{D6AD6A1F-3E23-4755-878F-ED96BD64E7A1}.Release|x86.ActiveCfg = Release|Any CPU
		{D6AD6A1F-3E23-4755-878F-ED96BD64E7A1}.Release|x86.Build.0 = Release|Any CPU
		{66DA2F16-FA6A-4542-AB95-0C38E85068AB}.Debug|Any CPU.ActiveCfg = Debug|Any CPU
		{66DA2F16-FA6A-4542-AB95-0C38E85068AB}.Debug|Any CPU.Build.0 = Debug|Any CPU
		{66DA2F16-FA6A-4542-AB95-0C38E85068AB}.Debug|x64.ActiveCfg = Debug|Any CPU
		{66DA2F16-FA6A-4542-AB95-0C38E85068AB}.Debug|x64.Build.0 = Debug|Any CPU
		{66DA2F16-FA6A-4542-AB95-0C38E85068AB}.Debug|x86.ActiveCfg = Debug|Any CPU
		{66DA2F16-FA6A-4542-AB95-0C38E85068AB}.Debug|x86.Build.0 = Debug|Any CPU
		{66DA2F16-FA6A-4542-AB95-0C38E85068AB}.Release|Any CPU.ActiveCfg = Release|Any CPU
		{66DA2F16-FA6A-4542-AB95-0C38E85068AB}.Release|Any CPU.Build.0 = Release|Any CPU
		{66DA2F16-FA6A-4542-AB95-0C38E85068AB}.Release|x64.ActiveCfg = Release|Any CPU
		{66DA2F16-FA6A-4542-AB95-0C38E85068AB}.Release|x64.Build.0 = Release|Any CPU
		{66DA2F16-FA6A-4542-AB95-0C38E85068AB}.Release|x86.ActiveCfg = Release|Any CPU
		{66DA2F16-FA6A-4542-AB95-0C38E85068AB}.Release|x86.Build.0 = Release|Any CPU
		{535D912B-EC24-4ECA-85C2-7E52293D8D72}.Debug|Any CPU.ActiveCfg = Debug|Any CPU
		{535D912B-EC24-4ECA-85C2-7E52293D8D72}.Debug|Any CPU.Build.0 = Debug|Any CPU
		{535D912B-EC24-4ECA-85C2-7E52293D8D72}.Debug|x64.ActiveCfg = Debug|Any CPU
		{535D912B-EC24-4ECA-85C2-7E52293D8D72}.Debug|x64.Build.0 = Debug|Any CPU
		{535D912B-EC24-4ECA-85C2-7E52293D8D72}.Debug|x86.ActiveCfg = Debug|Any CPU
		{535D912B-EC24-4ECA-85C2-7E52293D8D72}.Debug|x86.Build.0 = Debug|Any CPU
		{535D912B-EC24-4ECA-85C2-7E52293D8D72}.Release|Any CPU.ActiveCfg = Release|Any CPU
		{535D912B-EC24-4ECA-85C2-7E52293D8D72}.Release|Any CPU.Build.0 = Release|Any CPU
		{535D912B-EC24-4ECA-85C2-7E52293D8D72}.Release|x64.ActiveCfg = Release|Any CPU
		{535D912B-EC24-4ECA-85C2-7E52293D8D72}.Release|x64.Build.0 = Release|Any CPU
		{535D912B-EC24-4ECA-85C2-7E52293D8D72}.Release|x86.ActiveCfg = Release|Any CPU
		{535D912B-EC24-4ECA-85C2-7E52293D8D72}.Release|x86.Build.0 = Release|Any CPU
		{179E39EB-11C1-457E-A455-204E71643D2D}.Debug|Any CPU.ActiveCfg = Debug|Any CPU
		{179E39EB-11C1-457E-A455-204E71643D2D}.Debug|Any CPU.Build.0 = Debug|Any CPU
		{179E39EB-11C1-457E-A455-204E71643D2D}.Debug|x64.ActiveCfg = Debug|Any CPU
		{179E39EB-11C1-457E-A455-204E71643D2D}.Debug|x64.Build.0 = Debug|Any CPU
		{179E39EB-11C1-457E-A455-204E71643D2D}.Debug|x86.ActiveCfg = Debug|Any CPU
		{179E39EB-11C1-457E-A455-204E71643D2D}.Debug|x86.Build.0 = Debug|Any CPU
		{179E39EB-11C1-457E-A455-204E71643D2D}.Release|Any CPU.ActiveCfg = Release|Any CPU
		{179E39EB-11C1-457E-A455-204E71643D2D}.Release|Any CPU.Build.0 = Release|Any CPU
		{179E39EB-11C1-457E-A455-204E71643D2D}.Release|x64.ActiveCfg = Release|Any CPU
		{179E39EB-11C1-457E-A455-204E71643D2D}.Release|x64.Build.0 = Release|Any CPU
		{179E39EB-11C1-457E-A455-204E71643D2D}.Release|x86.ActiveCfg = Release|Any CPU
		{179E39EB-11C1-457E-A455-204E71643D2D}.Release|x86.Build.0 = Release|Any CPU
		{FAFCF670-F8A8-4B7F-86C6-7B5608A1D512}.Debug|Any CPU.ActiveCfg = Debug|Any CPU
		{FAFCF670-F8A8-4B7F-86C6-7B5608A1D512}.Debug|Any CPU.Build.0 = Debug|Any CPU
		{FAFCF670-F8A8-4B7F-86C6-7B5608A1D512}.Debug|x64.ActiveCfg = Debug|Any CPU
		{FAFCF670-F8A8-4B7F-86C6-7B5608A1D512}.Debug|x64.Build.0 = Debug|Any CPU
		{FAFCF670-F8A8-4B7F-86C6-7B5608A1D512}.Debug|x86.ActiveCfg = Debug|Any CPU
		{FAFCF670-F8A8-4B7F-86C6-7B5608A1D512}.Debug|x86.Build.0 = Debug|Any CPU
		{FAFCF670-F8A8-4B7F-86C6-7B5608A1D512}.Release|Any CPU.ActiveCfg = Release|Any CPU
		{FAFCF670-F8A8-4B7F-86C6-7B5608A1D512}.Release|Any CPU.Build.0 = Release|Any CPU
		{FAFCF670-F8A8-4B7F-86C6-7B5608A1D512}.Release|x64.ActiveCfg = Release|Any CPU
		{FAFCF670-F8A8-4B7F-86C6-7B5608A1D512}.Release|x64.Build.0 = Release|Any CPU
		{FAFCF670-F8A8-4B7F-86C6-7B5608A1D512}.Release|x86.ActiveCfg = Release|Any CPU
		{FAFCF670-F8A8-4B7F-86C6-7B5608A1D512}.Release|x86.Build.0 = Release|Any CPU
		{7B99064A-3B8B-46F1-8442-7AB4A9AF199B}.Debug|Any CPU.ActiveCfg = Debug|Any CPU
		{7B99064A-3B8B-46F1-8442-7AB4A9AF199B}.Debug|Any CPU.Build.0 = Debug|Any CPU
		{7B99064A-3B8B-46F1-8442-7AB4A9AF199B}.Debug|x64.ActiveCfg = Debug|Any CPU
		{7B99064A-3B8B-46F1-8442-7AB4A9AF199B}.Debug|x64.Build.0 = Debug|Any CPU
		{7B99064A-3B8B-46F1-8442-7AB4A9AF199B}.Debug|x86.ActiveCfg = Debug|Any CPU
		{7B99064A-3B8B-46F1-8442-7AB4A9AF199B}.Debug|x86.Build.0 = Debug|Any CPU
		{7B99064A-3B8B-46F1-8442-7AB4A9AF199B}.Release|Any CPU.ActiveCfg = Release|Any CPU
		{7B99064A-3B8B-46F1-8442-7AB4A9AF199B}.Release|Any CPU.Build.0 = Release|Any CPU
		{7B99064A-3B8B-46F1-8442-7AB4A9AF199B}.Release|x64.ActiveCfg = Release|Any CPU
		{7B99064A-3B8B-46F1-8442-7AB4A9AF199B}.Release|x64.Build.0 = Release|Any CPU
		{7B99064A-3B8B-46F1-8442-7AB4A9AF199B}.Release|x86.ActiveCfg = Release|Any CPU
		{7B99064A-3B8B-46F1-8442-7AB4A9AF199B}.Release|x86.Build.0 = Release|Any CPU
	EndGlobalSection
	GlobalSection(SolutionProperties) = preSolution
		HideSolutionNode = FALSE
	EndGlobalSection
	GlobalSection(ExtensibilityGlobals) = postSolution
		SolutionGuid = {F8632E5D-2117-48A8-ADFE-70B0FE6ADEE6}
	EndGlobalSection
EndGlobal
